// !$*UTF8*$!
{
	archiveVersion = 1;
	classes = {
	};
	objectVersion = 46;
	objects = {

/* Begin PBXBuildFile section */
		46BC7BE8AB18B7318996110D /* Pods.framework in Frameworks */ = {isa = PBXBuildFile; fileRef = 9ECE0FA8E694DA2DDD298F8D /* Pods.framework */; settings = {ATTRIBUTES = (Weak, ); }; };
		F70AECD41B5405A700497662 /* PostDetailViewController.swift in Sources */ = {isa = PBXBuildFile; fileRef = F70AECD31B5405A700497662 /* PostDetailViewController.swift */; };
		F70AECD61B5413D900497662 /* UserVoteDetailViewController.swift in Sources */ = {isa = PBXBuildFile; fileRef = F70AECD51B5413D900497662 /* UserVoteDetailViewController.swift */; };
		F70AECDA1B54174F00497662 /* UserVoteDetailTableViewCell.swift in Sources */ = {isa = PBXBuildFile; fileRef = F70AECD91B54174F00497662 /* UserVoteDetailTableViewCell.swift */; };
		F70AECDE1B54538300497662 /* FriendsListViewController.swift in Sources */ = {isa = PBXBuildFile; fileRef = F70AECDD1B54538300497662 /* FriendsListViewController.swift */; };
		F70AECE01B5455FC00497662 /* FriendsTableViewCell.swift in Sources */ = {isa = PBXBuildFile; fileRef = F70AECDF1B5455FC00497662 /* FriendsTableViewCell.swift */; };
		F714426C1B51855500B93ED8 /* DesignHelper.swift in Sources */ = {isa = PBXBuildFile; fileRef = F714426B1B51855500B93ED8 /* DesignHelper.swift */; };
		F71ACD241B5D50CC00B7936E /* CategoryCollectionViewCell.swift in Sources */ = {isa = PBXBuildFile; fileRef = F71ACD231B5D50CC00B7936E /* CategoryCollectionViewCell.swift */; };
		F71ACD2A1B5D57D700B7936E /* CategoryCollectionViewController.swift in Sources */ = {isa = PBXBuildFile; fileRef = F71ACD291B5D57D700B7936E /* CategoryCollectionViewController.swift */; };
		F71ACD311B5D5FC500B7936E /* category1.png in Resources */ = {isa = PBXBuildFile; fileRef = F71ACD2B1B5D5FC500B7936E /* category1.png */; };
		F71ACD321B5D5FC500B7936E /* category2.png in Resources */ = {isa = PBXBuildFile; fileRef = F71ACD2C1B5D5FC500B7936E /* category2.png */; };
		F71ACD331B5D5FC500B7936E /* category3.png in Resources */ = {isa = PBXBuildFile; fileRef = F71ACD2D1B5D5FC500B7936E /* category3.png */; };
		F71ACD341B5D5FC500B7936E /* category4.png in Resources */ = {isa = PBXBuildFile; fileRef = F71ACD2E1B5D5FC500B7936E /* category4.png */; };
		F71ACD351B5D5FC500B7936E /* category5.png in Resources */ = {isa = PBXBuildFile; fileRef = F71ACD2F1B5D5FC500B7936E /* category5.png */; };
		F71ACD361B5D5FC500B7936E /* category6.png in Resources */ = {isa = PBXBuildFile; fileRef = F71ACD301B5D5FC500B7936E /* category6.png */; };
		F71ACD381B5D775E00B7936E /* CategoryDetailViewController.swift in Sources */ = {isa = PBXBuildFile; fileRef = F71ACD371B5D775E00B7936E /* CategoryDetailViewController.swift */; };
		F71ACD3B1B5D77B300B7936E /* CategoryDetailTableViewCell.swift in Sources */ = {isa = PBXBuildFile; fileRef = F71ACD3A1B5D77B300B7936E /* CategoryDetailTableViewCell.swift */; };
		F71ACD3D1B5D77ED00B7936E /* CategoryDetailHeaderTableViewCell.swift in Sources */ = {isa = PBXBuildFile; fileRef = F71ACD3C1B5D77ED00B7936E /* CategoryDetailHeaderTableViewCell.swift */; };
		F71B163E1B5AE02F00934FDE /* AddressBookViewController.swift in Sources */ = {isa = PBXBuildFile; fileRef = F71B163D1B5AE02F00934FDE /* AddressBookViewController.swift */; };
		F72263A11B6026B700FE6960 /* StyleConstants.swift in Sources */ = {isa = PBXBuildFile; fileRef = F72263A01B6026B700FE6960 /* StyleConstants.swift */; };
		F728A6BE1B52C73E006E4A7A /* ProfileViewController.swift in Sources */ = {isa = PBXBuildFile; fileRef = F728A6BD1B52C73E006E4A7A /* ProfileViewController.swift */; };
		F728A6C01B52D37E006E4A7A /* YourPostsViewController.swift in Sources */ = {isa = PBXBuildFile; fileRef = F728A6BF1B52D37E006E4A7A /* YourPostsViewController.swift */; };
		F728A6C31B52D3CA006E4A7A /* YourPostsTableViewCell.swift in Sources */ = {isa = PBXBuildFile; fileRef = F728A6C21B52D3CA006E4A7A /* YourPostsTableViewCell.swift */; };
		F72D87F81B594ED500519136 /* ParseLoginHelper.swift in Sources */ = {isa = PBXBuildFile; fileRef = F72D87F71B594ED500519136 /* ParseLoginHelper.swift */; };
		F74EF78B1B4EB40F003DB560 /* HomeViewController.swift in Sources */ = {isa = PBXBuildFile; fileRef = F74EF78A1B4EB40F003DB560 /* HomeViewController.swift */; };
		F74EF7911B4EBF9A003DB560 /* HomePostTableViewCell.swift in Sources */ = {isa = PBXBuildFile; fileRef = F74EF7901B4EBF9A003DB560 /* HomePostTableViewCell.swift */; };
		F74EF7961B4EDF55003DB560 /* Post.swift in Sources */ = {isa = PBXBuildFile; fileRef = F74EF7951B4EDF55003DB560 /* Post.swift */; };
		F74EF79D1B4EE229003DB560 /* NSCacheSwift.swift in Sources */ = {isa = PBXBuildFile; fileRef = F74EF79C1B4EE229003DB560 /* NSCacheSwift.swift */; };
		F7762A2E1B4D7A3D002CBAE7 /* AppDelegate.swift in Sources */ = {isa = PBXBuildFile; fileRef = F7762A2D1B4D7A3D002CBAE7 /* AppDelegate.swift */; };
		F7762A301B4D7A3D002CBAE7 /* ViewController.swift in Sources */ = {isa = PBXBuildFile; fileRef = F7762A2F1B4D7A3D002CBAE7 /* ViewController.swift */; };
		F7762A331B4D7A3D002CBAE7 /* Main.storyboard in Resources */ = {isa = PBXBuildFile; fileRef = F7762A311B4D7A3D002CBAE7 /* Main.storyboard */; };
		F7762A351B4D7A3D002CBAE7 /* Images.xcassets in Resources */ = {isa = PBXBuildFile; fileRef = F7762A341B4D7A3D002CBAE7 /* Images.xcassets */; };
		F7762A381B4D7A3D002CBAE7 /* LaunchScreen.xib in Resources */ = {isa = PBXBuildFile; fileRef = F7762A361B4D7A3D002CBAE7 /* LaunchScreen.xib */; };
		F7762A441B4D7A3D002CBAE7 /* MakeChoiceTests.swift in Sources */ = {isa = PBXBuildFile; fileRef = F7762A431B4D7A3D002CBAE7 /* MakeChoiceTests.swift */; };
		F7762A4F1B4D8371002CBAE7 /* Constants.swift in Sources */ = {isa = PBXBuildFile; fileRef = F7762A4E1B4D8371002CBAE7 /* Constants.swift */; };
		F7762A561B4D965F002CBAE7 /* PostViewController.swift in Sources */ = {isa = PBXBuildFile; fileRef = F7762A551B4D965F002CBAE7 /* PostViewController.swift */; };
		F785612D1B57F204003F4D0E /* PushNotificationHelper.swift in Sources */ = {isa = PBXBuildFile; fileRef = F785612C1B57F204003F4D0E /* PushNotificationHelper.swift */; };
		F79478561B4F3DC80048765A /* ParseHelper.swift in Sources */ = {isa = PBXBuildFile; fileRef = F79478551B4F3DC80048765A /* ParseHelper.swift */; };
		F79478581B4F59DF0048765A /* HomePostSectionHeaderView.swift in Sources */ = {isa = PBXBuildFile; fileRef = F79478571B4F59DF0048765A /* HomePostSectionHeaderView.swift */; };
		F7E4CDB21B555EC900815DDE /* CommentViewController.swift in Sources */ = {isa = PBXBuildFile; fileRef = F7E4CDB11B555EC900815DDE /* CommentViewController.swift */; };
		F7E4CDB81B5576CB00815DDE /* PushNotification.swift in Sources */ = {isa = PBXBuildFile; fileRef = F7E4CDB31B5576CB00815DDE /* PushNotification.swift */; };
		F7E4CDB91B5576CB00815DDE /* Camera.swift in Sources */ = {isa = PBXBuildFile; fileRef = F7E4CDB41B5576CB00815DDE /* Camera.swift */; };
		F7E4CDBA1B5576CB00815DDE /* Images.swift in Sources */ = {isa = PBXBuildFile; fileRef = F7E4CDB51B5576CB00815DDE /* Images.swift */; };
		F7E4CDBB1B5576CB00815DDE /* Messages.swift in Sources */ = {isa = PBXBuildFile; fileRef = F7E4CDB61B5576CB00815DDE /* Messages.swift */; };
		F7E4CDBC1B5576CB00815DDE /* Utilities.swift in Sources */ = {isa = PBXBuildFile; fileRef = F7E4CDB71B5576CB00815DDE /* Utilities.swift */; };
		F7E4CDBE1B5598C700815DDE /* FriendSearchViewController.swift in Sources */ = {isa = PBXBuildFile; fileRef = F7E4CDBD1B5598C700815DDE /* FriendSearchViewController.swift */; };
		F7E4CDC11B55993300815DDE /* FriendSearchTableViewCell.swift in Sources */ = {isa = PBXBuildFile; fileRef = F7E4CDC01B55993300815DDE /* FriendSearchTableViewCell.swift */; };
		F7EAAB921B58180F009F838F /* FriendRequestTableViewCell.swift in Sources */ = {isa = PBXBuildFile; fileRef = F7EAAB911B58180F009F838F /* FriendRequestTableViewCell.swift */; };
		F7EAAB941B58182F009F838F /* FriendRequestViewController.swift in Sources */ = {isa = PBXBuildFile; fileRef = F7EAAB931B58182F009F838F /* FriendRequestViewController.swift */; };
		F7F301C21B5DFECD00642884 /* UIColor.swift in Sources */ = {isa = PBXBuildFile; fileRef = F7F301C11B5DFECD00642884 /* UIColor.swift */; };
		F7F301C41B5DFF4C00642884 /* PopupViewController.swift in Sources */ = {isa = PBXBuildFile; fileRef = F7F301C31B5DFF4C00642884 /* PopupViewController.swift */; };
		F7FD5DB11B5741D50014BBEA /* MIBadgeButton.swift in Sources */ = {isa = PBXBuildFile; fileRef = F7FD5DAF1B5741D50014BBEA /* MIBadgeButton.swift */; };
		F7FD5DB21B5741D50014BBEA /* MIBadgeLabel.swift in Sources */ = {isa = PBXBuildFile; fileRef = F7FD5DB01B5741D50014BBEA /* MIBadgeLabel.swift */; };
/* End PBXBuildFile section */

/* Begin PBXContainerItemProxy section */
		F7762A3E1B4D7A3D002CBAE7 /* PBXContainerItemProxy */ = {
			isa = PBXContainerItemProxy;
			containerPortal = F7762A201B4D7A3D002CBAE7 /* Project object */;
			proxyType = 1;
			remoteGlobalIDString = F7762A271B4D7A3D002CBAE7;
			remoteInfo = MakeChoice;
		};
/* End PBXContainerItemProxy section */

/* Begin PBXFileReference section */
		44F9D6E74DB73B76AB74D4D8 /* Pods.debug.xcconfig */ = {isa = PBXFileReference; includeInIndex = 1; lastKnownFileType = text.xcconfig; name = Pods.debug.xcconfig; path = "Pods/Target Support Files/Pods/Pods.debug.xcconfig"; sourceTree = "<group>"; };
		6D591DCFF4EB7E7D7E67AD3F /* Pods.release.xcconfig */ = {isa = PBXFileReference; includeInIndex = 1; lastKnownFileType = text.xcconfig; name = Pods.release.xcconfig; path = "Pods/Target Support Files/Pods/Pods.release.xcconfig"; sourceTree = "<group>"; };
		9ECE0FA8E694DA2DDD298F8D /* Pods.framework */ = {isa = PBXFileReference; explicitFileType = wrapper.framework; includeInIndex = 0; path = Pods.framework; sourceTree = BUILT_PRODUCTS_DIR; };
		F70AECD31B5405A700497662 /* PostDetailViewController.swift */ = {isa = PBXFileReference; fileEncoding = 4; lastKnownFileType = sourcecode.swift; path = PostDetailViewController.swift; sourceTree = "<group>"; };
		F70AECD51B5413D900497662 /* UserVoteDetailViewController.swift */ = {isa = PBXFileReference; fileEncoding = 4; lastKnownFileType = sourcecode.swift; path = UserVoteDetailViewController.swift; sourceTree = "<group>"; };
		F70AECD91B54174F00497662 /* UserVoteDetailTableViewCell.swift */ = {isa = PBXFileReference; fileEncoding = 4; lastKnownFileType = sourcecode.swift; path = UserVoteDetailTableViewCell.swift; sourceTree = "<group>"; };
		F70AECDD1B54538300497662 /* FriendsListViewController.swift */ = {isa = PBXFileReference; fileEncoding = 4; lastKnownFileType = sourcecode.swift; path = FriendsListViewController.swift; sourceTree = "<group>"; };
		F70AECDF1B5455FC00497662 /* FriendsTableViewCell.swift */ = {isa = PBXFileReference; fileEncoding = 4; lastKnownFileType = sourcecode.swift; path = FriendsTableViewCell.swift; sourceTree = "<group>"; };
		F714426B1B51855500B93ED8 /* DesignHelper.swift */ = {isa = PBXFileReference; fileEncoding = 4; lastKnownFileType = sourcecode.swift; path = DesignHelper.swift; sourceTree = "<group>"; };
		F71ACD231B5D50CC00B7936E /* CategoryCollectionViewCell.swift */ = {isa = PBXFileReference; fileEncoding = 4; lastKnownFileType = sourcecode.swift; path = CategoryCollectionViewCell.swift; sourceTree = "<group>"; };
		F71ACD291B5D57D700B7936E /* CategoryCollectionViewController.swift */ = {isa = PBXFileReference; fileEncoding = 4; lastKnownFileType = sourcecode.swift; path = CategoryCollectionViewController.swift; sourceTree = "<group>"; };
		F71ACD2B1B5D5FC500B7936E /* category1.png */ = {isa = PBXFileReference; lastKnownFileType = image.png; name = category1.png; path = imgs/category/category1.png; sourceTree = SOURCE_ROOT; };
		F71ACD2C1B5D5FC500B7936E /* category2.png */ = {isa = PBXFileReference; lastKnownFileType = image.png; name = category2.png; path = imgs/category/category2.png; sourceTree = SOURCE_ROOT; };
		F71ACD2D1B5D5FC500B7936E /* category3.png */ = {isa = PBXFileReference; lastKnownFileType = image.png; name = category3.png; path = imgs/category/category3.png; sourceTree = SOURCE_ROOT; };
		F71ACD2E1B5D5FC500B7936E /* category4.png */ = {isa = PBXFileReference; lastKnownFileType = image.png; name = category4.png; path = imgs/category/category4.png; sourceTree = SOURCE_ROOT; };
		F71ACD2F1B5D5FC500B7936E /* category5.png */ = {isa = PBXFileReference; lastKnownFileType = image.png; name = category5.png; path = imgs/category/category5.png; sourceTree = SOURCE_ROOT; };
		F71ACD301B5D5FC500B7936E /* category6.png */ = {isa = PBXFileReference; lastKnownFileType = image.png; name = category6.png; path = imgs/category/category6.png; sourceTree = SOURCE_ROOT; };
		F71ACD371B5D775E00B7936E /* CategoryDetailViewController.swift */ = {isa = PBXFileReference; fileEncoding = 4; lastKnownFileType = sourcecode.swift; path = CategoryDetailViewController.swift; sourceTree = "<group>"; };
		F71ACD3A1B5D77B300B7936E /* CategoryDetailTableViewCell.swift */ = {isa = PBXFileReference; fileEncoding = 4; lastKnownFileType = sourcecode.swift; path = CategoryDetailTableViewCell.swift; sourceTree = "<group>"; };
		F71ACD3C1B5D77ED00B7936E /* CategoryDetailHeaderTableViewCell.swift */ = {isa = PBXFileReference; fileEncoding = 4; lastKnownFileType = sourcecode.swift; path = CategoryDetailHeaderTableViewCell.swift; sourceTree = "<group>"; };
		F71B163D1B5AE02F00934FDE /* AddressBookViewController.swift */ = {isa = PBXFileReference; fileEncoding = 4; lastKnownFileType = sourcecode.swift; path = AddressBookViewController.swift; sourceTree = "<group>"; };
		F72263A01B6026B700FE6960 /* StyleConstants.swift */ = {isa = PBXFileReference; fileEncoding = 4; lastKnownFileType = sourcecode.swift; path = StyleConstants.swift; sourceTree = "<group>"; };
		F728A6BD1B52C73E006E4A7A /* ProfileViewController.swift */ = {isa = PBXFileReference; fileEncoding = 4; lastKnownFileType = sourcecode.swift; path = ProfileViewController.swift; sourceTree = "<group>"; };
		F728A6BF1B52D37E006E4A7A /* YourPostsViewController.swift */ = {isa = PBXFileReference; fileEncoding = 4; lastKnownFileType = sourcecode.swift; path = YourPostsViewController.swift; sourceTree = "<group>"; };
		F728A6C21B52D3CA006E4A7A /* YourPostsTableViewCell.swift */ = {isa = PBXFileReference; fileEncoding = 4; lastKnownFileType = sourcecode.swift; path = YourPostsTableViewCell.swift; sourceTree = "<group>"; };
		F72D87F71B594ED500519136 /* ParseLoginHelper.swift */ = {isa = PBXFileReference; fileEncoding = 4; lastKnownFileType = sourcecode.swift; path = ParseLoginHelper.swift; sourceTree = "<group>"; };
		F74EF78A1B4EB40F003DB560 /* HomeViewController.swift */ = {isa = PBXFileReference; fileEncoding = 4; lastKnownFileType = sourcecode.swift; path = HomeViewController.swift; sourceTree = "<group>"; };
		F74EF7901B4EBF9A003DB560 /* HomePostTableViewCell.swift */ = {isa = PBXFileReference; fileEncoding = 4; lastKnownFileType = sourcecode.swift; path = HomePostTableViewCell.swift; sourceTree = "<group>"; };
		F74EF7951B4EDF55003DB560 /* Post.swift */ = {isa = PBXFileReference; fileEncoding = 4; lastKnownFileType = sourcecode.swift; path = Post.swift; sourceTree = "<group>"; };
		F74EF79C1B4EE229003DB560 /* NSCacheSwift.swift */ = {isa = PBXFileReference; fileEncoding = 4; lastKnownFileType = sourcecode.swift; path = NSCacheSwift.swift; sourceTree = "<group>"; };
		F7762A281B4D7A3D002CBAE7 /* MakeChoice.app */ = {isa = PBXFileReference; explicitFileType = wrapper.application; includeInIndex = 0; path = MakeChoice.app; sourceTree = BUILT_PRODUCTS_DIR; };
		F7762A2C1B4D7A3D002CBAE7 /* Info.plist */ = {isa = PBXFileReference; lastKnownFileType = text.plist.xml; path = Info.plist; sourceTree = "<group>"; };
		F7762A2D1B4D7A3D002CBAE7 /* AppDelegate.swift */ = {isa = PBXFileReference; lastKnownFileType = sourcecode.swift; path = AppDelegate.swift; sourceTree = "<group>"; };
		F7762A2F1B4D7A3D002CBAE7 /* ViewController.swift */ = {isa = PBXFileReference; lastKnownFileType = sourcecode.swift; path = ViewController.swift; sourceTree = "<group>"; };
		F7762A321B4D7A3D002CBAE7 /* Base */ = {isa = PBXFileReference; lastKnownFileType = file.storyboard; name = Base; path = Base.lproj/Main.storyboard; sourceTree = "<group>"; };
		F7762A341B4D7A3D002CBAE7 /* Images.xcassets */ = {isa = PBXFileReference; lastKnownFileType = folder.assetcatalog; path = Images.xcassets; sourceTree = "<group>"; };
		F7762A371B4D7A3D002CBAE7 /* Base */ = {isa = PBXFileReference; lastKnownFileType = file.xib; name = Base; path = Base.lproj/LaunchScreen.xib; sourceTree = "<group>"; };
		F7762A3D1B4D7A3D002CBAE7 /* MakeChoiceTests.xctest */ = {isa = PBXFileReference; explicitFileType = wrapper.cfbundle; includeInIndex = 0; path = MakeChoiceTests.xctest; sourceTree = BUILT_PRODUCTS_DIR; };
		F7762A421B4D7A3D002CBAE7 /* Info.plist */ = {isa = PBXFileReference; lastKnownFileType = text.plist.xml; path = Info.plist; sourceTree = "<group>"; };
		F7762A431B4D7A3D002CBAE7 /* MakeChoiceTests.swift */ = {isa = PBXFileReference; lastKnownFileType = sourcecode.swift; path = MakeChoiceTests.swift; sourceTree = "<group>"; };
		F7762A4E1B4D8371002CBAE7 /* Constants.swift */ = {isa = PBXFileReference; fileEncoding = 4; lastKnownFileType = sourcecode.swift; path = Constants.swift; sourceTree = "<group>"; };
		F7762A551B4D965F002CBAE7 /* PostViewController.swift */ = {isa = PBXFileReference; fileEncoding = 4; lastKnownFileType = sourcecode.swift; path = PostViewController.swift; sourceTree = "<group>"; };
		F785612C1B57F204003F4D0E /* PushNotificationHelper.swift */ = {isa = PBXFileReference; fileEncoding = 4; lastKnownFileType = sourcecode.swift; path = PushNotificationHelper.swift; sourceTree = "<group>"; };
		F79478551B4F3DC80048765A /* ParseHelper.swift */ = {isa = PBXFileReference; fileEncoding = 4; lastKnownFileType = sourcecode.swift; path = ParseHelper.swift; sourceTree = "<group>"; };
		F79478571B4F59DF0048765A /* HomePostSectionHeaderView.swift */ = {isa = PBXFileReference; fileEncoding = 4; lastKnownFileType = sourcecode.swift; path = HomePostSectionHeaderView.swift; sourceTree = "<group>"; };
		F7E28DA11B4E0AF100C96837 /* MakeChoice-Bridging-Header.h */ = {isa = PBXFileReference; lastKnownFileType = sourcecode.c.h; path = "MakeChoice-Bridging-Header.h"; sourceTree = "<group>"; };
		F7E4CDB11B555EC900815DDE /* CommentViewController.swift */ = {isa = PBXFileReference; fileEncoding = 4; lastKnownFileType = sourcecode.swift; path = CommentViewController.swift; sourceTree = "<group>"; };
		F7E4CDB31B5576CB00815DDE /* PushNotification.swift */ = {isa = PBXFileReference; fileEncoding = 4; lastKnownFileType = sourcecode.swift; path = PushNotification.swift; sourceTree = "<group>"; };
		F7E4CDB41B5576CB00815DDE /* Camera.swift */ = {isa = PBXFileReference; fileEncoding = 4; lastKnownFileType = sourcecode.swift; path = Camera.swift; sourceTree = "<group>"; };
		F7E4CDB51B5576CB00815DDE /* Images.swift */ = {isa = PBXFileReference; fileEncoding = 4; lastKnownFileType = sourcecode.swift; path = Images.swift; sourceTree = "<group>"; };
		F7E4CDB61B5576CB00815DDE /* Messages.swift */ = {isa = PBXFileReference; fileEncoding = 4; lastKnownFileType = sourcecode.swift; path = Messages.swift; sourceTree = "<group>"; };
		F7E4CDB71B5576CB00815DDE /* Utilities.swift */ = {isa = PBXFileReference; fileEncoding = 4; lastKnownFileType = sourcecode.swift; path = Utilities.swift; sourceTree = "<group>"; };
		F7E4CDBD1B5598C700815DDE /* FriendSearchViewController.swift */ = {isa = PBXFileReference; fileEncoding = 4; lastKnownFileType = sourcecode.swift; path = FriendSearchViewController.swift; sourceTree = "<group>"; };
		F7E4CDC01B55993300815DDE /* FriendSearchTableViewCell.swift */ = {isa = PBXFileReference; fileEncoding = 4; lastKnownFileType = sourcecode.swift; path = FriendSearchTableViewCell.swift; sourceTree = "<group>"; };
		F7EAAB911B58180F009F838F /* FriendRequestTableViewCell.swift */ = {isa = PBXFileReference; fileEncoding = 4; lastKnownFileType = sourcecode.swift; path = FriendRequestTableViewCell.swift; sourceTree = "<group>"; };
		F7EAAB931B58182F009F838F /* FriendRequestViewController.swift */ = {isa = PBXFileReference; fileEncoding = 4; lastKnownFileType = sourcecode.swift; path = FriendRequestViewController.swift; sourceTree = "<group>"; };
		F7F301C11B5DFECD00642884 /* UIColor.swift */ = {isa = PBXFileReference; fileEncoding = 4; lastKnownFileType = sourcecode.swift; path = UIColor.swift; sourceTree = "<group>"; };
		F7F301C31B5DFF4C00642884 /* PopupViewController.swift */ = {isa = PBXFileReference; fileEncoding = 4; lastKnownFileType = sourcecode.swift; path = PopupViewController.swift; sourceTree = "<group>"; };
		F7FD5DAF1B5741D50014BBEA /* MIBadgeButton.swift */ = {isa = PBXFileReference; fileEncoding = 4; lastKnownFileType = sourcecode.swift; path = MIBadgeButton.swift; sourceTree = "<group>"; };
		F7FD5DB01B5741D50014BBEA /* MIBadgeLabel.swift */ = {isa = PBXFileReference; fileEncoding = 4; lastKnownFileType = sourcecode.swift; path = MIBadgeLabel.swift; sourceTree = "<group>"; };
/* End PBXFileReference section */

/* Begin PBXFrameworksBuildPhase section */
		F7762A251B4D7A3D002CBAE7 /* Frameworks */ = {
			isa = PBXFrameworksBuildPhase;
			buildActionMask = 2147483647;
			files = (
				46BC7BE8AB18B7318996110D /* Pods.framework in Frameworks */,
			);
			runOnlyForDeploymentPostprocessing = 0;
		};
		F7762A3A1B4D7A3D002CBAE7 /* Frameworks */ = {
			isa = PBXFrameworksBuildPhase;
			buildActionMask = 2147483647;
			files = (
			);
			runOnlyForDeploymentPostprocessing = 0;
		};
/* End PBXFrameworksBuildPhase section */

/* Begin PBXGroup section */
		6EBFF81EA22DF616467EB509 /* Frameworks */ = {
			isa = PBXGroup;
			children = (
				9ECE0FA8E694DA2DDD298F8D /* Pods.framework */,
			);
			name = Frameworks;
			sourceTree = "<group>";
		};
		CB1EB4C7F3818790D43D3836 /* Pods */ = {
			isa = PBXGroup;
			children = (
				44F9D6E74DB73B76AB74D4D8 /* Pods.debug.xcconfig */,
				6D591DCFF4EB7E7D7E67AD3F /* Pods.release.xcconfig */,
			);
			name = Pods;
			sourceTree = "<group>";
		};
		F71ACD221B5D50BB00B7936E /* Category */ = {
			isa = PBXGroup;
			children = (
				F71ACD231B5D50CC00B7936E /* CategoryCollectionViewCell.swift */,
			);
			path = Category;
			sourceTree = "<group>";
		};
		F71ACD391B5D778700B7936E /* CategoryDetail */ = {
			isa = PBXGroup;
			children = (
				F71ACD3A1B5D77B300B7936E /* CategoryDetailTableViewCell.swift */,
				F71ACD3C1B5D77ED00B7936E /* CategoryDetailHeaderTableViewCell.swift */,
			);
			path = CategoryDetail;
			sourceTree = "<group>";
		};
		F728A6C11B52D3A0006E4A7A /* Profile */ = {
			isa = PBXGroup;
			children = (
				F728A6C21B52D3CA006E4A7A /* YourPostsTableViewCell.swift */,
				F70AECD91B54174F00497662 /* UserVoteDetailTableViewCell.swift */,
				F70AECDF1B5455FC00497662 /* FriendsTableViewCell.swift */,
			);
			path = Profile;
			sourceTree = "<group>";
		};
		F74EF78F1B4EBF37003DB560 /* Home */ = {
			isa = PBXGroup;
			children = (
				F74EF7901B4EBF9A003DB560 /* HomePostTableViewCell.swift */,
				F79478571B4F59DF0048765A /* HomePostSectionHeaderView.swift */,
			);
			path = Home;
			sourceTree = "<group>";
		};
		F74EF7921B4ED0A4003DB560 /* Models */ = {
			isa = PBXGroup;
			children = (
				F74EF7951B4EDF55003DB560 /* Post.swift */,
			);
			path = Models;
			sourceTree = "<group>";
		};
		F74EF79B1B4EE229003DB560 /* Utilities */ = {
			isa = PBXGroup;
			children = (
				F7F301C11B5DFECD00642884 /* UIColor.swift */,
				F7FD5DAE1B5741D50014BBEA /* MIBadgeButton */,
				F7E4CDB31B5576CB00815DDE /* PushNotification.swift */,
				F7E4CDB41B5576CB00815DDE /* Camera.swift */,
				F7E4CDB51B5576CB00815DDE /* Images.swift */,
				F7E4CDB61B5576CB00815DDE /* Messages.swift */,
				F7E4CDB71B5576CB00815DDE /* Utilities.swift */,
				F74EF79C1B4EE229003DB560 /* NSCacheSwift.swift */,
			);
			path = Utilities;
			sourceTree = "<group>";
		};
		F7762A1F1B4D7A3D002CBAE7 = {
			isa = PBXGroup;
			children = (
				F7762A2A1B4D7A3D002CBAE7 /* MakeChoice */,
				F7762A401B4D7A3D002CBAE7 /* MakeChoiceTests */,
				F7762A291B4D7A3D002CBAE7 /* Products */,
				CB1EB4C7F3818790D43D3836 /* Pods */,
				6EBFF81EA22DF616467EB509 /* Frameworks */,
			);
			sourceTree = "<group>";
		};
		F7762A291B4D7A3D002CBAE7 /* Products */ = {
			isa = PBXGroup;
			children = (
				F7762A281B4D7A3D002CBAE7 /* MakeChoice.app */,
				F7762A3D1B4D7A3D002CBAE7 /* MakeChoiceTests.xctest */,
			);
			name = Products;
			sourceTree = "<group>";
		};
		F7762A2A1B4D7A3D002CBAE7 /* MakeChoice */ = {
			isa = PBXGroup;
			children = (
				F74EF79B1B4EE229003DB560 /* Utilities */,
				F74EF7921B4ED0A4003DB560 /* Models */,
				F7762A501B4D8864002CBAE7 /* Helpers */,
				F7762A511B4D8864002CBAE7 /* Views */,
				F7762A521B4D8864002CBAE7 /* ViewControllers */,
				F7762A4D1B4D8358002CBAE7 /* Constant */,
				F7762A2D1B4D7A3D002CBAE7 /* AppDelegate.swift */,
				F7762A2F1B4D7A3D002CBAE7 /* ViewController.swift */,
				F7762A311B4D7A3D002CBAE7 /* Main.storyboard */,
				F7762A341B4D7A3D002CBAE7 /* Images.xcassets */,
				F7762A361B4D7A3D002CBAE7 /* LaunchScreen.xib */,
				F7762A2B1B4D7A3D002CBAE7 /* Supporting Files */,
				F7E28DA11B4E0AF100C96837 /* MakeChoice-Bridging-Header.h */,
			);
			path = MakeChoice;
			sourceTree = "<group>";
		};
		F7762A2B1B4D7A3D002CBAE7 /* Supporting Files */ = {
			isa = PBXGroup;
			children = (
				F71ACD2B1B5D5FC500B7936E /* category1.png */,
				F71ACD2C1B5D5FC500B7936E /* category2.png */,
				F71ACD2D1B5D5FC500B7936E /* category3.png */,
				F71ACD2E1B5D5FC500B7936E /* category4.png */,
				F71ACD2F1B5D5FC500B7936E /* category5.png */,
				F71ACD301B5D5FC500B7936E /* category6.png */,
				F7762A2C1B4D7A3D002CBAE7 /* Info.plist */,
			);
			name = "Supporting Files";
			sourceTree = "<group>";
		};
		F7762A401B4D7A3D002CBAE7 /* MakeChoiceTests */ = {
			isa = PBXGroup;
			children = (
				F7762A431B4D7A3D002CBAE7 /* MakeChoiceTests.swift */,
				F7762A411B4D7A3D002CBAE7 /* Supporting Files */,
			);
			path = MakeChoiceTests;
			sourceTree = "<group>";
		};
		F7762A411B4D7A3D002CBAE7 /* Supporting Files */ = {
			isa = PBXGroup;
			children = (
				F7762A421B4D7A3D002CBAE7 /* Info.plist */,
			);
			name = "Supporting Files";
			sourceTree = "<group>";
		};
		F7762A4D1B4D8358002CBAE7 /* Constant */ = {
			isa = PBXGroup;
			children = (
				F7762A4E1B4D8371002CBAE7 /* Constants.swift */,
				F72263A01B6026B700FE6960 /* StyleConstants.swift */,
			);
			path = Constant;
			sourceTree = "<group>";
		};
		F7762A501B4D8864002CBAE7 /* Helpers */ = {
			isa = PBXGroup;
			children = (
				F72D87F71B594ED500519136 /* ParseLoginHelper.swift */,
				F79478551B4F3DC80048765A /* ParseHelper.swift */,
				F714426B1B51855500B93ED8 /* DesignHelper.swift */,
				F785612C1B57F204003F4D0E /* PushNotificationHelper.swift */,
			);
			path = Helpers;
			sourceTree = "<group>";
		};
		F7762A511B4D8864002CBAE7 /* Views */ = {
			isa = PBXGroup;
			children = (
				F71ACD391B5D778700B7936E /* CategoryDetail */,
				F71ACD221B5D50BB00B7936E /* Category */,
				F7EAAB901B5817DC009F838F /* FriendRequest */,
				F7E4CDBF1B55991700815DDE /* FriendSearch */,
				F728A6C11B52D3A0006E4A7A /* Profile */,
				F74EF78F1B4EBF37003DB560 /* Home */,
			);
			path = Views;
			sourceTree = "<group>";
		};
		F7762A521B4D8864002CBAE7 /* ViewControllers */ = {
			isa = PBXGroup;
			children = (
				F7F301C31B5DFF4C00642884 /* PopupViewController.swift */,
				F7762A551B4D965F002CBAE7 /* PostViewController.swift */,
				F74EF78A1B4EB40F003DB560 /* HomeViewController.swift */,
				F728A6BD1B52C73E006E4A7A /* ProfileViewController.swift */,
				F728A6BF1B52D37E006E4A7A /* YourPostsViewController.swift */,
				F70AECD31B5405A700497662 /* PostDetailViewController.swift */,
				F70AECD51B5413D900497662 /* UserVoteDetailViewController.swift */,
				F70AECDD1B54538300497662 /* FriendsListViewController.swift */,
				F7E4CDB11B555EC900815DDE /* CommentViewController.swift */,
				F7E4CDBD1B5598C700815DDE /* FriendSearchViewController.swift */,
				F7EAAB931B58182F009F838F /* FriendRequestViewController.swift */,
				F71B163D1B5AE02F00934FDE /* AddressBookViewController.swift */,
				F71ACD291B5D57D700B7936E /* CategoryCollectionViewController.swift */,
				F71ACD371B5D775E00B7936E /* CategoryDetailViewController.swift */,
			);
			path = ViewControllers;
			sourceTree = "<group>";
		};
		F7E4CDBF1B55991700815DDE /* FriendSearch */ = {
			isa = PBXGroup;
			children = (
				F7E4CDC01B55993300815DDE /* FriendSearchTableViewCell.swift */,
			);
			path = FriendSearch;
			sourceTree = "<group>";
		};
		F7EAAB901B5817DC009F838F /* FriendRequest */ = {
			isa = PBXGroup;
			children = (
				F7EAAB911B58180F009F838F /* FriendRequestTableViewCell.swift */,
			);
			path = FriendRequest;
			sourceTree = "<group>";
		};
		F7FD5DAE1B5741D50014BBEA /* MIBadgeButton */ = {
			isa = PBXGroup;
			children = (
				F7FD5DAF1B5741D50014BBEA /* MIBadgeButton.swift */,
				F7FD5DB01B5741D50014BBEA /* MIBadgeLabel.swift */,
			);
			path = MIBadgeButton;
			sourceTree = "<group>";
		};
/* End PBXGroup section */

/* Begin PBXNativeTarget section */
		F7762A271B4D7A3D002CBAE7 /* MakeChoice */ = {
			isa = PBXNativeTarget;
			buildConfigurationList = F7762A471B4D7A3D002CBAE7 /* Build configuration list for PBXNativeTarget "MakeChoice" */;
			buildPhases = (
				2F05F35CCAC0A760E4CDC550 /* Check Pods Manifest.lock */,
				F7762A241B4D7A3D002CBAE7 /* Sources */,
				F7762A251B4D7A3D002CBAE7 /* Frameworks */,
				F7762A261B4D7A3D002CBAE7 /* Resources */,
				AC4D48CE11D6FFC7A5B0364F /* Embed Pods Frameworks */,
				E3DBF6935655E21459320DD0 /* Copy Pods Resources */,
			);
			buildRules = (
			);
			dependencies = (
			);
			name = MakeChoice;
			productName = MakeChoice;
			productReference = F7762A281B4D7A3D002CBAE7 /* MakeChoice.app */;
			productType = "com.apple.product-type.application";
		};
		F7762A3C1B4D7A3D002CBAE7 /* MakeChoiceTests */ = {
			isa = PBXNativeTarget;
			buildConfigurationList = F7762A4A1B4D7A3D002CBAE7 /* Build configuration list for PBXNativeTarget "MakeChoiceTests" */;
			buildPhases = (
				F7762A391B4D7A3D002CBAE7 /* Sources */,
				F7762A3A1B4D7A3D002CBAE7 /* Frameworks */,
				F7762A3B1B4D7A3D002CBAE7 /* Resources */,
			);
			buildRules = (
			);
			dependencies = (
				F7762A3F1B4D7A3D002CBAE7 /* PBXTargetDependency */,
			);
			name = MakeChoiceTests;
			productName = MakeChoiceTests;
			productReference = F7762A3D1B4D7A3D002CBAE7 /* MakeChoiceTests.xctest */;
			productType = "com.apple.product-type.bundle.unit-test";
		};
/* End PBXNativeTarget section */

/* Begin PBXProject section */
		F7762A201B4D7A3D002CBAE7 /* Project object */ = {
			isa = PBXProject;
			attributes = {
				LastUpgradeCheck = 0630;
				ORGANIZATIONNAME = "___mengyu wu___";
				TargetAttributes = {
					F7762A271B4D7A3D002CBAE7 = {
						CreatedOnToolsVersion = 6.3.2;
						DevelopmentTeam = 2A82472X6Y;
					};
					F7762A3C1B4D7A3D002CBAE7 = {
						CreatedOnToolsVersion = 6.3.2;
						TestTargetID = F7762A271B4D7A3D002CBAE7;
					};
				};
			};
			buildConfigurationList = F7762A231B4D7A3D002CBAE7 /* Build configuration list for PBXProject "MakeChoice" */;
			compatibilityVersion = "Xcode 3.2";
			developmentRegion = English;
			hasScannedForEncodings = 0;
			knownRegions = (
				en,
				Base,
			);
			mainGroup = F7762A1F1B4D7A3D002CBAE7;
			productRefGroup = F7762A291B4D7A3D002CBAE7 /* Products */;
			projectDirPath = "";
			projectRoot = "";
			targets = (
				F7762A271B4D7A3D002CBAE7 /* MakeChoice */,
				F7762A3C1B4D7A3D002CBAE7 /* MakeChoiceTests */,
			);
		};
/* End PBXProject section */

/* Begin PBXResourcesBuildPhase section */
		F7762A261B4D7A3D002CBAE7 /* Resources */ = {
			isa = PBXResourcesBuildPhase;
			buildActionMask = 2147483647;
			files = (
				F7762A331B4D7A3D002CBAE7 /* Main.storyboard in Resources */,
				F71ACD321B5D5FC500B7936E /* category2.png in Resources */,
				F7762A381B4D7A3D002CBAE7 /* LaunchScreen.xib in Resources */,
				F71ACD351B5D5FC500B7936E /* category5.png in Resources */,
				F71ACD331B5D5FC500B7936E /* category3.png in Resources */,
				F71ACD341B5D5FC500B7936E /* category4.png in Resources */,
				F71ACD361B5D5FC500B7936E /* category6.png in Resources */,
				F7762A351B4D7A3D002CBAE7 /* Images.xcassets in Resources */,
				F71ACD311B5D5FC500B7936E /* category1.png in Resources */,
			);
			runOnlyForDeploymentPostprocessing = 0;
		};
		F7762A3B1B4D7A3D002CBAE7 /* Resources */ = {
			isa = PBXResourcesBuildPhase;
			buildActionMask = 2147483647;
			files = (
			);
			runOnlyForDeploymentPostprocessing = 0;
		};
/* End PBXResourcesBuildPhase section */

/* Begin PBXShellScriptBuildPhase section */
		2F05F35CCAC0A760E4CDC550 /* Check Pods Manifest.lock */ = {
			isa = PBXShellScriptBuildPhase;
			buildActionMask = 2147483647;
			files = (
			);
			inputPaths = (
			);
			name = "Check Pods Manifest.lock";
			outputPaths = (
			);
			runOnlyForDeploymentPostprocessing = 0;
			shellPath = /bin/sh;
			shellScript = "diff \"${PODS_ROOT}/../Podfile.lock\" \"${PODS_ROOT}/Manifest.lock\" > /dev/null\nif [[ $? != 0 ]] ; then\n    cat << EOM\nerror: The sandbox is not in sync with the Podfile.lock. Run 'pod install' or update your CocoaPods installation.\nEOM\n    exit 1\nfi\n";
			showEnvVarsInLog = 0;
		};
		AC4D48CE11D6FFC7A5B0364F /* Embed Pods Frameworks */ = {
			isa = PBXShellScriptBuildPhase;
			buildActionMask = 2147483647;
			files = (
			);
			inputPaths = (
			);
			name = "Embed Pods Frameworks";
			outputPaths = (
			);
			runOnlyForDeploymentPostprocessing = 0;
			shellPath = /bin/sh;
			shellScript = "\"${SRCROOT}/Pods/Target Support Files/Pods/Pods-frameworks.sh\"\n";
			showEnvVarsInLog = 0;
		};
		E3DBF6935655E21459320DD0 /* Copy Pods Resources */ = {
			isa = PBXShellScriptBuildPhase;
			buildActionMask = 2147483647;
			files = (
			);
			inputPaths = (
			);
			name = "Copy Pods Resources";
			outputPaths = (
			);
			runOnlyForDeploymentPostprocessing = 0;
			shellPath = /bin/sh;
			shellScript = "\"${SRCROOT}/Pods/Target Support Files/Pods/Pods-resources.sh\"\n";
			showEnvVarsInLog = 0;
		};
/* End PBXShellScriptBuildPhase section */

/* Begin PBXSourcesBuildPhase section */
		F7762A241B4D7A3D002CBAE7 /* Sources */ = {
			isa = PBXSourcesBuildPhase;
			buildActionMask = 2147483647;
			files = (
				F7E4CDB91B5576CB00815DDE /* Camera.swift in Sources */,
				F72263A11B6026B700FE6960 /* StyleConstants.swift in Sources */,
				F7E4CDBB1B5576CB00815DDE /* Messages.swift in Sources */,
				F71ACD381B5D775E00B7936E /* CategoryDetailViewController.swift in Sources */,
				F7E4CDB81B5576CB00815DDE /* PushNotification.swift in Sources */,
				F7FD5DB11B5741D50014BBEA /* MIBadgeButton.swift in Sources */,
				F71ACD241B5D50CC00B7936E /* CategoryCollectionViewCell.swift in Sources */,
				F7E4CDB21B555EC900815DDE /* CommentViewController.swift in Sources */,
				F79478581B4F59DF0048765A /* HomePostSectionHeaderView.swift in Sources */,
				F71ACD3B1B5D77B300B7936E /* CategoryDetailTableViewCell.swift in Sources */,
				F71ACD3D1B5D77ED00B7936E /* CategoryDetailHeaderTableViewCell.swift in Sources */,
				F71B163E1B5AE02F00934FDE /* AddressBookViewController.swift in Sources */,
				F74EF78B1B4EB40F003DB560 /* HomeViewController.swift in Sources */,
				F7762A561B4D965F002CBAE7 /* PostViewController.swift in Sources */,
				F70AECDA1B54174F00497662 /* UserVoteDetailTableViewCell.swift in Sources */,
				F7FD5DB21B5741D50014BBEA /* MIBadgeLabel.swift in Sources */,
				F72D87F81B594ED500519136 /* ParseLoginHelper.swift in Sources */,
				F70AECDE1B54538300497662 /* FriendsListViewController.swift in Sources */,
				F74EF7911B4EBF9A003DB560 /* HomePostTableViewCell.swift in Sources */,
				F714426C1B51855500B93ED8 /* DesignHelper.swift in Sources */,
				F7762A301B4D7A3D002CBAE7 /* ViewController.swift in Sources */,
				F70AECE01B5455FC00497662 /* FriendsTableViewCell.swift in Sources */,
				F728A6C01B52D37E006E4A7A /* YourPostsViewController.swift in Sources */,
				F7F301C41B5DFF4C00642884 /* PopupViewController.swift in Sources */,
				F7E4CDBE1B5598C700815DDE /* FriendSearchViewController.swift in Sources */,
				F728A6BE1B52C73E006E4A7A /* ProfileViewController.swift in Sources */,
				F7762A2E1B4D7A3D002CBAE7 /* AppDelegate.swift in Sources */,
				F7E4CDBA1B5576CB00815DDE /* Images.swift in Sources */,
				F7EAAB941B58182F009F838F /* FriendRequestViewController.swift in Sources */,
				F7EAAB921B58180F009F838F /* FriendRequestTableViewCell.swift in Sources */,
				F7E4CDC11B55993300815DDE /* FriendSearchTableViewCell.swift in Sources */,
				F7F301C21B5DFECD00642884 /* UIColor.swift in Sources */,
				F71ACD2A1B5D57D700B7936E /* CategoryCollectionViewController.swift in Sources */,
				F70AECD41B5405A700497662 /* PostDetailViewController.swift in Sources */,
				F79478561B4F3DC80048765A /* ParseHelper.swift in Sources */,
				F74EF7961B4EDF55003DB560 /* Post.swift in Sources */,
				F70AECD61B5413D900497662 /* UserVoteDetailViewController.swift in Sources */,
				F7762A4F1B4D8371002CBAE7 /* Constants.swift in Sources */,
				F785612D1B57F204003F4D0E /* PushNotificationHelper.swift in Sources */,
				F728A6C31B52D3CA006E4A7A /* YourPostsTableViewCell.swift in Sources */,
				F7E4CDBC1B5576CB00815DDE /* Utilities.swift in Sources */,
				F74EF79D1B4EE229003DB560 /* NSCacheSwift.swift in Sources */,
			);
			runOnlyForDeploymentPostprocessing = 0;
		};
		F7762A391B4D7A3D002CBAE7 /* Sources */ = {
			isa = PBXSourcesBuildPhase;
			buildActionMask = 2147483647;
			files = (
				F7762A441B4D7A3D002CBAE7 /* MakeChoiceTests.swift in Sources */,
			);
			runOnlyForDeploymentPostprocessing = 0;
		};
/* End PBXSourcesBuildPhase section */

/* Begin PBXTargetDependency section */
		F7762A3F1B4D7A3D002CBAE7 /* PBXTargetDependency */ = {
			isa = PBXTargetDependency;
			target = F7762A271B4D7A3D002CBAE7 /* MakeChoice */;
			targetProxy = F7762A3E1B4D7A3D002CBAE7 /* PBXContainerItemProxy */;
		};
/* End PBXTargetDependency section */

/* Begin PBXVariantGroup section */
		F7762A311B4D7A3D002CBAE7 /* Main.storyboard */ = {
			isa = PBXVariantGroup;
			children = (
				F7762A321B4D7A3D002CBAE7 /* Base */,
			);
			name = Main.storyboard;
			sourceTree = "<group>";
		};
		F7762A361B4D7A3D002CBAE7 /* LaunchScreen.xib */ = {
			isa = PBXVariantGroup;
			children = (
				F7762A371B4D7A3D002CBAE7 /* Base */,
			);
			name = LaunchScreen.xib;
			sourceTree = "<group>";
		};
/* End PBXVariantGroup section */

/* Begin XCBuildConfiguration section */
		F7762A451B4D7A3D002CBAE7 /* Debug */ = {
			isa = XCBuildConfiguration;
			buildSettings = {
				ALWAYS_SEARCH_USER_PATHS = NO;
				CLANG_CXX_LANGUAGE_STANDARD = "gnu++0x";
				CLANG_CXX_LIBRARY = "libc++";
				CLANG_ENABLE_MODULES = YES;
				CLANG_ENABLE_OBJC_ARC = YES;
				CLANG_WARN_BOOL_CONVERSION = YES;
				CLANG_WARN_CONSTANT_CONVERSION = YES;
				CLANG_WARN_DIRECT_OBJC_ISA_USAGE = YES_ERROR;
				CLANG_WARN_EMPTY_BODY = YES;
				CLANG_WARN_ENUM_CONVERSION = YES;
				CLANG_WARN_INT_CONVERSION = YES;
				CLANG_WARN_OBJC_ROOT_CLASS = YES_ERROR;
				CLANG_WARN_UNREACHABLE_CODE = YES;
				CLANG_WARN__DUPLICATE_METHOD_MATCH = YES;
				CODE_SIGN_IDENTITY = "";
				"CODE_SIGN_IDENTITY[sdk=iphoneos*]" = "iPhone Developer";
				COPY_PHASE_STRIP = NO;
				DEBUG_INFORMATION_FORMAT = "dwarf-with-dsym";
				ENABLE_STRICT_OBJC_MSGSEND = YES;
				GCC_C_LANGUAGE_STANDARD = gnu99;
				GCC_DYNAMIC_NO_PIC = NO;
				GCC_NO_COMMON_BLOCKS = YES;
				GCC_OPTIMIZATION_LEVEL = 0;
				GCC_PREPROCESSOR_DEFINITIONS = (
					"DEBUG=1",
					"$(inherited)",
				);
				GCC_SYMBOLS_PRIVATE_EXTERN = NO;
				GCC_WARN_64_TO_32_BIT_CONVERSION = YES;
				GCC_WARN_ABOUT_RETURN_TYPE = YES_ERROR;
				GCC_WARN_UNDECLARED_SELECTOR = YES;
				GCC_WARN_UNINITIALIZED_AUTOS = YES_AGGRESSIVE;
				GCC_WARN_UNUSED_FUNCTION = YES;
				GCC_WARN_UNUSED_VARIABLE = YES;
				IPHONEOS_DEPLOYMENT_TARGET = 8.3;
				MTL_ENABLE_DEBUG_INFO = YES;
				ONLY_ACTIVE_ARCH = YES;
				SDKROOT = iphoneos;
				SWIFT_OPTIMIZATION_LEVEL = "-Onone";
			};
			name = Debug;
		};
		F7762A461B4D7A3D002CBAE7 /* Release */ = {
			isa = XCBuildConfiguration;
			buildSettings = {
				ALWAYS_SEARCH_USER_PATHS = NO;
				CLANG_CXX_LANGUAGE_STANDARD = "gnu++0x";
				CLANG_CXX_LIBRARY = "libc++";
				CLANG_ENABLE_MODULES = YES;
				CLANG_ENABLE_OBJC_ARC = YES;
				CLANG_WARN_BOOL_CONVERSION = YES;
				CLANG_WARN_CONSTANT_CONVERSION = YES;
				CLANG_WARN_DIRECT_OBJC_ISA_USAGE = YES_ERROR;
				CLANG_WARN_EMPTY_BODY = YES;
				CLANG_WARN_ENUM_CONVERSION = YES;
				CLANG_WARN_INT_CONVERSION = YES;
				CLANG_WARN_OBJC_ROOT_CLASS = YES_ERROR;
				CLANG_WARN_UNREACHABLE_CODE = YES;
				CLANG_WARN__DUPLICATE_METHOD_MATCH = YES;
				CODE_SIGN_IDENTITY = "";
				"CODE_SIGN_IDENTITY[sdk=iphoneos*]" = "iPhone Developer";
				COPY_PHASE_STRIP = NO;
				DEBUG_INFORMATION_FORMAT = "dwarf-with-dsym";
				ENABLE_NS_ASSERTIONS = NO;
				ENABLE_STRICT_OBJC_MSGSEND = YES;
				GCC_C_LANGUAGE_STANDARD = gnu99;
				GCC_NO_COMMON_BLOCKS = YES;
				GCC_WARN_64_TO_32_BIT_CONVERSION = YES;
				GCC_WARN_ABOUT_RETURN_TYPE = YES_ERROR;
				GCC_WARN_UNDECLARED_SELECTOR = YES;
				GCC_WARN_UNINITIALIZED_AUTOS = YES_AGGRESSIVE;
				GCC_WARN_UNUSED_FUNCTION = YES;
				GCC_WARN_UNUSED_VARIABLE = YES;
				IPHONEOS_DEPLOYMENT_TARGET = 8.3;
				MTL_ENABLE_DEBUG_INFO = NO;
				SDKROOT = iphoneos;
				VALIDATE_PRODUCT = YES;
			};
			name = Release;
		};
		F7762A481B4D7A3D002CBAE7 /* Debug */ = {
			isa = XCBuildConfiguration;
			baseConfigurationReference = 44F9D6E74DB73B76AB74D4D8 /* Pods.debug.xcconfig */;
			buildSettings = {
				ASSETCATALOG_COMPILER_APPICON_NAME = AppIcon;
				CLANG_ENABLE_MODULES = YES;
				CODE_SIGN_IDENTITY = "iPhone Developer";
				INFOPLIST_FILE = MakeChoice/Info.plist;
				LD_RUNPATH_SEARCH_PATHS = "$(inherited) @executable_path/Frameworks";
				PRODUCT_NAME = "$(TARGET_NAME)";
				"SWIFT_INCLUDE_PATHS[arch=*]" = "";
				"SWIFT_INSTALL_OBJC_HEADER[arch=*]" = YES;
				"SWIFT_OBJC_BRIDGING_HEADER[arch=*]" = "MakeChoice/MakeChoice-Bridging-Header.h";
				SWIFT_OPTIMIZATION_LEVEL = "-O";
				SWIFT_WHOLE_MODULE_OPTIMIZATION = YES;
			};
			name = Debug;
		};
		F7762A491B4D7A3D002CBAE7 /* Release */ = {
			isa = XCBuildConfiguration;
			baseConfigurationReference = 6D591DCFF4EB7E7D7E67AD3F /* Pods.release.xcconfig */;
			buildSettings = {
				ASSETCATALOG_COMPILER_APPICON_NAME = AppIcon;
				CLANG_ENABLE_MODULES = YES;
				CODE_SIGN_IDENTITY = "iPhone Developer";
				INFOPLIST_FILE = MakeChoice/Info.plist;
				LD_RUNPATH_SEARCH_PATHS = "$(inherited) @executable_path/Frameworks";
				PRODUCT_NAME = "$(TARGET_NAME)";
				"SWIFT_OBJC_BRIDGING_HEADER[arch=*]" = "MakeChoice/MakeChoice-Bridging-Header.h";
				SWIFT_WHOLE_MODULE_OPTIMIZATION = YES;
			};
			name = Release;
		};
		F7762A4B1B4D7A3D002CBAE7 /* Debug */ = {
			isa = XCBuildConfiguration;
			buildSettings = {
				BUNDLE_LOADER = "$(TEST_HOST)";
				FRAMEWORK_SEARCH_PATHS = (
					"$(SDKROOT)/Developer/Library/Frameworks",
					"$(inherited)",
				);
				GCC_PREPROCESSOR_DEFINITIONS = (
					"DEBUG=1",
					"$(inherited)",
				);
				INFOPLIST_FILE = MakeChoiceTests/Info.plist;
				LD_RUNPATH_SEARCH_PATHS = "$(inherited) @executable_path/Frameworks @loader_path/Frameworks";
				PRODUCT_NAME = "$(TARGET_NAME)";
				TEST_HOST = "$(BUILT_PRODUCTS_DIR)/MakeChoice.app/MakeChoice";
			};
			name = Debug;
		};
		F7762A4C1B4D7A3D002CBAE7 /* Release */ = {
			isa = XCBuildConfiguration;
			buildSettings = {
				BUNDLE_LOADER = "$(TEST_HOST)";
				FRAMEWORK_SEARCH_PATHS = (
					"$(SDKROOT)/Developer/Library/Frameworks",
					"$(inherited)",
				);
				INFOPLIST_FILE = MakeChoiceTests/Info.plist;
				LD_RUNPATH_SEARCH_PATHS = "$(inherited) @executable_path/Frameworks @loader_path/Frameworks";
				PRODUCT_NAME = "$(TARGET_NAME)";
				TEST_HOST = "$(BUILT_PRODUCTS_DIR)/MakeChoice.app/MakeChoice";
			};
			name = Release;
		};
/* End XCBuildConfiguration section */

/* Begin XCConfigurationList section */
		F7762A231B4D7A3D002CBAE7 /* Build configuration list for PBXProject "MakeChoice" */ = {
			isa = XCConfigurationList;
			buildConfigurations = (
				F7762A451B4D7A3D002CBAE7 /* Debug */,
				F7762A461B4D7A3D002CBAE7 /* Release */,
			);
			defaultConfigurationIsVisible = 0;
			defaultConfigurationName = Release;
		};
		F7762A471B4D7A3D002CBAE7 /* Build configuration list for PBXNativeTarget "MakeChoice" */ = {
			isa = XCConfigurationList;
			buildConfigurations = (
				F7762A481B4D7A3D002CBAE7 /* Debug */,
				F7762A491B4D7A3D002CBAE7 /* Release */,
			);
			defaultConfigurationIsVisible = 0;
			defaultConfigurationName = Release;
		};
		F7762A4A1B4D7A3D002CBAE7 /* Build configuration list for PBXNativeTarget "MakeChoiceTests" */ = {
			isa = XCConfigurationList;
			buildConfigurations = (
				F7762A4B1B4D7A3D002CBAE7 /* Debug */,
				F7762A4C1B4D7A3D002CBAE7 /* Release */,
			);
			defaultConfigurationIsVisible = 0;
			defaultConfigurationName = Release;
		};
/* End XCConfigurationList section */
	};
	rootObject = F7762A201B4D7A3D002CBAE7 /* Project object */;
}
